
Microsoft Visual Studio Solution File, Format Version 12.00
# Visual Studio Version 17
VisualStudioVersion = 17.9.34902.65
MinimumVisualStudioVersion = 10.0.40219.1
Project("{FAE04EC0-301F-11D3-BF4B-00C04F79EFBC}") = "Employee-Management-AJAX", "Employee-Management-AJAX\Employee-Management-AJAX.csproj", "{EE1AD74E-07D4-4338-86D5-5416C7436D6F}"
EndProject
Global
	GlobalSection(SolutionConfigurationPlatforms) = preSolution
		Debug|Any CPU = Debug|Any CPU
		Release|Any CPU = Release|Any CPU
	EndGlobalSection
	GlobalSection(ProjectConfigurationPlatforms) = postSolution
		{EE1AD74E-07D4-4338-86D5-5416C7436D6F}.Debug|Any CPU.ActiveCfg = Debug|Any CPU
		{EE1AD74E-07D4-4338-86D5-5416C7436D6F}.Debug|Any CPU.Build.0 = Debug|Any CPU
		{EE1AD74E-07D4-4338-86D5-5416C7436D6F}.Release|Any CPU.ActiveCfg = Release|Any CPU
		{EE1AD74E-07D4-4338-86D5-5416C7436D6F}.Release|Any CPU.Build.0 = Release|Any CPU
	EndGlobalSection
	GlobalSection(SolutionProperties) = preSolution
		HideSolutionNode = FALSE
	EndGlobalSection
	GlobalSection(ExtensibilityGlobals) = postSolution
		SolutionGuid = {7803903D-1A5F-41D3-BF2A-533519C52F5C}
	EndGlobalSection
EndGlobal
